
Microsoft Visual Studio Solution File, Format Version 12.00
# Visual Studio 15
VisualStudioVersion = 15.0.27428.2015
MinimumVisualStudioVersion = 10.0.40219.1
Project("{FAE04EC0-301F-11D3-BF4B-00C04F79EFBC}") = "Lab 5", "Lab 5\Lab 5.csproj", "{CA7A6CE1-E8AA-4DAC-8011-FD461C4C3AE7}"
EndProject
Global
	GlobalSection(SolutionConfigurationPlatforms) = preSolution
		Debug|Any CPU = Debug|Any CPU
		Release|Any CPU = Release|Any CPU
	EndGlobalSection
	GlobalSection(ProjectConfigurationPlatforms) = postSolution
		{CA7A6CE1-E8AA-4DAC-8011-FD461C4C3AE7}.Debug|Any CPU.ActiveCfg = Debug|Any CPU
		{CA7A6CE1-E8AA-4DAC-8011-FD461C4C3AE7}.Debug|Any CPU.Build.0 = Debug|Any CPU
		{CA7A6CE1-E8AA-4DAC-8011-FD461C4C3AE7}.Release|Any CPU.ActiveCfg = Release|Any CPU
		{CA7A6CE1-E8AA-4DAC-8011-FD461C4C3AE7}.Release|Any CPU.Build.0 = Release|Any CPU
	EndGlobalSection
	GlobalSection(SolutionProperties) = preSolution
		HideSolutionNode = FALSE
	EndGlobalSection
	GlobalSection(ExtensibilityGlobals) = postSolution
		SolutionGuid = {E9FBA055-ADB3-4556-B041-FBD67BD01745}
	EndGlobalSection
EndGlobal
